
Microsoft Visual Studio Solution File, Format Version 12.00
# Visual Studio Version 17
VisualStudioVersion = 17.14.36429.23 d17.14
MinimumVisualStudioVersion = 10.0.40219.1
Project("{FAE04EC0-301F-11D3-BF4B-00C04F79EFBC}") = "MyPortolioUdemy", "MyPortolioUdemy\MyPortolioUdemy.csproj", "{0BFD4E65-1E8B-46A9-811C-A712896577A0}"
EndProject
Global
	GlobalSection(SolutionConfigurationPlatforms) = preSolution
		Debug|Any CPU = Debug|Any CPU
		Release|Any CPU = Release|Any CPU
	EndGlobalSection
	GlobalSection(ProjectConfigurationPlatforms) = postSolution
		{0BFD4E65-1E8B-46A9-811C-A712896577A0}.Debug|Any CPU.ActiveCfg = Debug|Any CPU
		{0BFD4E65-1E8B-46A9-811C-A712896577A0}.Debug|Any CPU.Build.0 = Debug|Any CPU
		{0BFD4E65-1E8B-46A9-811C-A712896577A0}.Release|Any CPU.ActiveCfg = Release|Any CPU
		{0BFD4E65-1E8B-46A9-811C-A712896577A0}.Release|Any CPU.Build.0 = Release|Any CPU
	EndGlobalSection
	GlobalSection(SolutionProperties) = preSolution
		HideSolutionNode = FALSE
	EndGlobalSection
	GlobalSection(ExtensibilityGlobals) = postSolution
		SolutionGuid = {D60BD738-DEA1-4009-92DC-8A0DC80858BE}
	EndGlobalSection
EndGlobal
